
Microsoft Visual Studio Solution File, Format Version 12.00
# Visual Studio Version 16
VisualStudioVersion = 16.0.33529.622
MinimumVisualStudioVersion = 10.0.40219.1
Project("{8BC9CEB8-8B4A-11D0-8D11-00A0C91BC942}") = "Template", "Arrays - Exercises.vcxproj", "{B327F4F4-79EC-4C26-99D0-B7CD2D8D6DBE}"
EndProject
Project("{8BC9CEB8-8B4A-11D0-8D11-00A0C91BC942}") = "01_ZigZagArrays", "..\01_ZigZagArrays\01_ZigZagArrays.vcxproj", "{CAFAE172-20FA-4899-AEEE-5322B91CD962}"
EndProject
Project("{8BC9CEB8-8B4A-11D0-8D11-00A0C91BC942}") = "02_LongestSequence", "..\02_LongestSequence\02_LongestSequence.vcxproj", "{E41A6A46-678C-4216-9711-813ECDFADA0F}"
EndProject
Project("{8BC9CEB8-8B4A-11D0-8D11-00A0C91BC942}") = "03_AboveAverage", "..\03_AboveAverage\03_AboveAverage.vcxproj", "{FD3308F1-BF03-4FBD-AB46-3981CFF36D6C}"
EndProject
Project("{8BC9CEB8-8B4A-11D0-8D11-00A0C91BC942}") = "04_MostFrequentNumber", "..\04_MostFrequentNumber\04_MostFrequentNumber.vcxproj", "{A85B1005-CE5B-4206-875C-E5D4D826EAFD}"
EndProject
Project("{8BC9CEB8-8B4A-11D0-8D11-00A0C91BC942}") = "05_CartesianProduct", "..\05_CartesianProduct\05_CartesianProduct.vcxproj", "{98A18C94-8F83-4345-B969-7163CF2BE8D1}"
EndProject
Global
	GlobalSection(SolutionConfigurationPlatforms) = preSolution
		Debug|x64 = Debug|x64
		Debug|x86 = Debug|x86
		Release|x64 = Release|x64
		Release|x86 = Release|x86
	EndGlobalSection
	GlobalSection(ProjectConfigurationPlatforms) = postSolution
		{B327F4F4-79EC-4C26-99D0-B7CD2D8D6DBE}.Debug|x64.ActiveCfg = Debug|x64
		{B327F4F4-79EC-4C26-99D0-B7CD2D8D6DBE}.Debug|x64.Build.0 = Debug|x64
		{B327F4F4-79EC-4C26-99D0-B7CD2D8D6DBE}.Debug|x86.ActiveCfg = Debug|Win32
		{B327F4F4-79EC-4C26-99D0-B7CD2D8D6DBE}.Debug|x86.Build.0 = Debug|Win32
		{B327F4F4-79EC-4C26-99D0-B7CD2D8D6DBE}.Release|x64.ActiveCfg = Release|x64
		{B327F4F4-79EC-4C26-99D0-B7CD2D8D6DBE}.Release|x64.Build.0 = Release|x64
		{B327F4F4-79EC-4C26-99D0-B7CD2D8D6DBE}.Release|x86.ActiveCfg = Release|Win32
		{B327F4F4-79EC-4C26-99D0-B7CD2D8D6DBE}.Release|x86.Build.0 = Release|Win32
		{CAFAE172-20FA-4899-AEEE-5322B91CD962}.Debug|x64.ActiveCfg = Debug|x64
		{CAFAE172-20FA-4899-AEEE-5322B91CD962}.Debug|x64.Build.0 = Debug|x64
		{CAFAE172-20FA-4899-AEEE-5322B91CD962}.Debug|x86.ActiveCfg = Debug|Win32
		{CAFAE172-20FA-4899-AEEE-5322B91CD962}.Debug|x86.Build.0 = Debug|Win32
		{CAFAE172-20FA-4899-AEEE-5322B91CD962}.Release|x64.ActiveCfg = Release|x64
		{CAFAE172-20FA-4899-AEEE-5322B91CD962}.Release|x64.Build.0 = Release|x64
		{CAFAE172-20FA-4899-AEEE-5322B91CD962}.Release|x86.ActiveCfg = Release|Win32
		{CAFAE172-20FA-4899-AEEE-5322B91CD962}.Release|x86.Build.0 = Release|Win32
		{E41A6A46-678C-4216-9711-813ECDFADA0F}.Debug|x64.ActiveCfg = Debug|x64
		{E41A6A46-678C-4216-9711-813ECDFADA0F}.Debug|x64.Build.0 = Debug|x64
		{E41A6A46-678C-4216-9711-813ECDFADA0F}.Debug|x86.ActiveCfg = Debug|Win32
		{E41A6A46-678C-4216-9711-813ECDFADA0F}.Debug|x86.Build.0 = Debug|Win32
		{E41A6A46-678C-4216-9711-813ECDFADA0F}.Release|x64.ActiveCfg = Release|x64
		{E41A6A46-678C-4216-9711-813ECDFADA0F}.Release|x64.Build.0 = Release|x64
		{E41A6A46-678C-4216-9711-813ECDFADA0F}.Release|x86.ActiveCfg = Release|Win32
		{E41A6A46-678C-4216-9711-813ECDFADA0F}.Release|x86.Build.0 = Release|Win32
		{FD3308F1-BF03-4FBD-AB46-3981CFF36D6C}.Debug|x64.ActiveCfg = Debug|x64
		{FD3308F1-BF03-4FBD-AB46-3981CFF36D6C}.Debug|x64.Build.0 = Debug|x64
		{FD3308F1-BF03-4FBD-AB46-3981CFF36D6C}.Debug|x86.ActiveCfg = Debug|Win32
		{FD3308F1-BF03-4FBD-AB46-3981CFF36D6C}.Debug|x86.Build.0 = Debug|Win32
		{FD3308F1-BF03-4FBD-AB46-3981CFF36D6C}.Release|x64.ActiveCfg = Release|x64
		{FD3308F1-BF03-4FBD-AB46-3981CFF36D6C}.Release|x64.Build.0 = Release|x64
		{FD3308F1-BF03-4FBD-AB46-3981CFF36D6C}.Release|x86.ActiveCfg = Release|Win32
		{FD3308F1-BF03-4FBD-AB46-3981CFF36D6C}.Release|x86.Build.0 = Release|Win32
		{A85B1005-CE5B-4206-875C-E5D4D826EAFD}.Debug|x64.ActiveCfg = Debug|x64
		{A85B1005-CE5B-4206-875C-E5D4D826EAFD}.Debug|x64.Build.0 = Debug|x64
		{A85B1005-CE5B-4206-875C-E5D4D826EAFD}.Debug|x86.ActiveCfg = Debug|Win32
		{A85B1005-CE5B-4206-875C-E5D4D826EAFD}.Debug|x86.Build.0 = Debug|Win32
		{A85B1005-CE5B-4206-875C-E5D4D826EAFD}.Release|x64.ActiveCfg = Release|x64
		{A85B1005-CE5B-4206-875C-E5D4D826EAFD}.Release|x64.Build.0 = Release|x64
		{A85B1005-CE5B-4206-875C-E5D4D826EAFD}.Release|x86.ActiveCfg = Release|Win32
		{A85B1005-CE5B-4206-875C-E5D4D826EAFD}.Release|x86.Build.0 = Release|Win32
		{98A18C94-8F83-4345-B969-7163CF2BE8D1}.Debug|x64.ActiveCfg = Debug|x64
		{98A18C94-8F83-4345-B969-7163CF2BE8D1}.Debug|x64.Build.0 = Debug|x64
		{98A18C94-8F83-4345-B969-7163CF2BE8D1}.Debug|x86.ActiveCfg = Debug|Win32
		{98A18C94-8F83-4345-B969-7163CF2BE8D1}.Debug|x86.Build.0 = Debug|Win32
		{98A18C94-8F83-4345-B969-7163CF2BE8D1}.Release|x64.ActiveCfg = Release|x64
		{98A18C94-8F83-4345-B969-7163CF2BE8D1}.Release|x64.Build.0 = Release|x64
		{98A18C94-8F83-4345-B969-7163CF2BE8D1}.Release|x86.ActiveCfg = Release|Win32
		{98A18C94-8F83-4345-B969-7163CF2BE8D1}.Release|x86.Build.0 = Release|Win32
	EndGlobalSection
	GlobalSection(SolutionProperties) = preSolution
		HideSolutionNode = FALSE
	EndGlobalSection
	GlobalSection(ExtensibilityGlobals) = postSolution
		SolutionGuid = {AA44242B-5AAA-4D82-82D5-805E5A59D526}
	EndGlobalSection
EndGlobal
