
Microsoft Visual Studio Solution File, Format Version 12.00
# Visual Studio Version 16
VisualStudioVersion = 16.0.33529.622
MinimumVisualStudioVersion = 10.0.40219.1
Project("{8BC9CEB8-8B4A-11D0-8D11-00A0C91BC942}") = "01_BelowAverageOnly", "01_BelowAverageOnly.vcxproj", "{F07AD3C3-E0AD-45A3-A03A-0AC1546DB56F}"
EndProject
Project("{8BC9CEB8-8B4A-11D0-8D11-00A0C91BC942}") = "02_SpecialItems", "..\02_SpecialItems\02_SpecialItems.vcxproj", "{F44227D5-0895-40BC-B58A-345B672E4DF4}"
EndProject
Project("{8BC9CEB8-8B4A-11D0-8D11-00A0C91BC942}") = "03_MachineCommands", "..\03_MachineCommands\03_MachineCommands.vcxproj", "{E32D92D5-3A0D-4137-A238-080ECBE0128B}"
EndProject
Global
	GlobalSection(SolutionConfigurationPlatforms) = preSolution
		Debug|x64 = Debug|x64
		Debug|x86 = Debug|x86
		Release|x64 = Release|x64
		Release|x86 = Release|x86
	EndGlobalSection
	GlobalSection(ProjectConfigurationPlatforms) = postSolution
		{F07AD3C3-E0AD-45A3-A03A-0AC1546DB56F}.Debug|x64.ActiveCfg = Debug|x64
		{F07AD3C3-E0AD-45A3-A03A-0AC1546DB56F}.Debug|x64.Build.0 = Debug|x64
		{F07AD3C3-E0AD-45A3-A03A-0AC1546DB56F}.Debug|x86.ActiveCfg = Debug|Win32
		{F07AD3C3-E0AD-45A3-A03A-0AC1546DB56F}.Debug|x86.Build.0 = Debug|Win32
		{F07AD3C3-E0AD-45A3-A03A-0AC1546DB56F}.Release|x64.ActiveCfg = Release|x64
		{F07AD3C3-E0AD-45A3-A03A-0AC1546DB56F}.Release|x64.Build.0 = Release|x64
		{F07AD3C3-E0AD-45A3-A03A-0AC1546DB56F}.Release|x86.ActiveCfg = Release|Win32
		{F07AD3C3-E0AD-45A3-A03A-0AC1546DB56F}.Release|x86.Build.0 = Release|Win32
		{F44227D5-0895-40BC-B58A-345B672E4DF4}.Debug|x64.ActiveCfg = Debug|x64
		{F44227D5-0895-40BC-B58A-345B672E4DF4}.Debug|x64.Build.0 = Debug|x64
		{F44227D5-0895-40BC-B58A-345B672E4DF4}.Debug|x86.ActiveCfg = Debug|Win32
		{F44227D5-0895-40BC-B58A-345B672E4DF4}.Debug|x86.Build.0 = Debug|Win32
		{F44227D5-0895-40BC-B58A-345B672E4DF4}.Release|x64.ActiveCfg = Release|x64
		{F44227D5-0895-40BC-B58A-345B672E4DF4}.Release|x64.Build.0 = Release|x64
		{F44227D5-0895-40BC-B58A-345B672E4DF4}.Release|x86.ActiveCfg = Release|Win32
		{F44227D5-0895-40BC-B58A-345B672E4DF4}.Release|x86.Build.0 = Release|Win32
		{E32D92D5-3A0D-4137-A238-080ECBE0128B}.Debug|x64.ActiveCfg = Debug|x64
		{E32D92D5-3A0D-4137-A238-080ECBE0128B}.Debug|x64.Build.0 = Debug|x64
		{E32D92D5-3A0D-4137-A238-080ECBE0128B}.Debug|x86.ActiveCfg = Debug|Win32
		{E32D92D5-3A0D-4137-A238-080ECBE0128B}.Debug|x86.Build.0 = Debug|Win32
		{E32D92D5-3A0D-4137-A238-080ECBE0128B}.Release|x64.ActiveCfg = Release|x64
		{E32D92D5-3A0D-4137-A238-080ECBE0128B}.Release|x64.Build.0 = Release|x64
		{E32D92D5-3A0D-4137-A238-080ECBE0128B}.Release|x86.ActiveCfg = Release|Win32
		{E32D92D5-3A0D-4137-A238-080ECBE0128B}.Release|x86.Build.0 = Release|Win32
	EndGlobalSection
	GlobalSection(SolutionProperties) = preSolution
		HideSolutionNode = FALSE
	EndGlobalSection
	GlobalSection(ExtensibilityGlobals) = postSolution
		SolutionGuid = {544A5B9B-8AF6-4A8F-9679-DE132113C227}
	EndGlobalSection
EndGlobal
