
Microsoft Visual Studio Solution File, Format Version 12.00
# Visual Studio Version 16
VisualStudioVersion = 16.0.33529.622
MinimumVisualStudioVersion = 10.0.40219.1
Project("{8BC9CEB8-8B4A-11D0-8D11-00A0C91BC942}") = "01_RemoveNegativesAndReverse", "01_RemoveNegativesAndReverse.vcxproj", "{A89AB068-59CD-4F6C-891A-DED81A5A81C9}"
EndProject
Project("{8BC9CEB8-8B4A-11D0-8D11-00A0C91BC942}") = "02_Products", "..\02_Products\02_Products.vcxproj", "{19EEC4D5-C933-4D12-B5C6-728F24DA2A25}"
EndProject
Global
	GlobalSection(SolutionConfigurationPlatforms) = preSolution
		Debug|x64 = Debug|x64
		Debug|x86 = Debug|x86
		Release|x64 = Release|x64
		Release|x86 = Release|x86
	EndGlobalSection
	GlobalSection(ProjectConfigurationPlatforms) = postSolution
		{A89AB068-59CD-4F6C-891A-DED81A5A81C9}.Debug|x64.ActiveCfg = Debug|x64
		{A89AB068-59CD-4F6C-891A-DED81A5A81C9}.Debug|x64.Build.0 = Debug|x64
		{A89AB068-59CD-4F6C-891A-DED81A5A81C9}.Debug|x86.ActiveCfg = Debug|Win32
		{A89AB068-59CD-4F6C-891A-DED81A5A81C9}.Debug|x86.Build.0 = Debug|Win32
		{A89AB068-59CD-4F6C-891A-DED81A5A81C9}.Release|x64.ActiveCfg = Release|x64
		{A89AB068-59CD-4F6C-891A-DED81A5A81C9}.Release|x64.Build.0 = Release|x64
		{A89AB068-59CD-4F6C-891A-DED81A5A81C9}.Release|x86.ActiveCfg = Release|Win32
		{A89AB068-59CD-4F6C-891A-DED81A5A81C9}.Release|x86.Build.0 = Release|Win32
		{19EEC4D5-C933-4D12-B5C6-728F24DA2A25}.Debug|x64.ActiveCfg = Debug|x64
		{19EEC4D5-C933-4D12-B5C6-728F24DA2A25}.Debug|x64.Build.0 = Debug|x64
		{19EEC4D5-C933-4D12-B5C6-728F24DA2A25}.Debug|x86.ActiveCfg = Debug|Win32
		{19EEC4D5-C933-4D12-B5C6-728F24DA2A25}.Debug|x86.Build.0 = Debug|Win32
		{19EEC4D5-C933-4D12-B5C6-728F24DA2A25}.Release|x64.ActiveCfg = Release|x64
		{19EEC4D5-C933-4D12-B5C6-728F24DA2A25}.Release|x64.Build.0 = Release|x64
		{19EEC4D5-C933-4D12-B5C6-728F24DA2A25}.Release|x86.ActiveCfg = Release|Win32
		{19EEC4D5-C933-4D12-B5C6-728F24DA2A25}.Release|x86.Build.0 = Release|Win32
	EndGlobalSection
	GlobalSection(SolutionProperties) = preSolution
		HideSolutionNode = FALSE
	EndGlobalSection
	GlobalSection(ExtensibilityGlobals) = postSolution
		SolutionGuid = {951649F5-AC77-47B8-8204-A2C071F74586}
	EndGlobalSection
EndGlobal
