
Microsoft Visual Studio Solution File, Format Version 12.00
# Visual Studio Version 16
VisualStudioVersion = 16.0.33529.622
MinimumVisualStudioVersion = 10.0.40219.1
Project("{8BC9CEB8-8B4A-11D0-8D11-00A0C91BC942}") = "Strings and Streams", "Strings and Streams.vcxproj", "{B8606076-45A3-4C1F-BEC3-1CD6B3A662FB}"
EndProject
Global
	GlobalSection(SolutionConfigurationPlatforms) = preSolution
		Debug|x64 = Debug|x64
		Debug|x86 = Debug|x86
		Release|x64 = Release|x64
		Release|x86 = Release|x86
	EndGlobalSection
	GlobalSection(ProjectConfigurationPlatforms) = postSolution
		{B8606076-45A3-4C1F-BEC3-1CD6B3A662FB}.Debug|x64.ActiveCfg = Debug|x64
		{B8606076-45A3-4C1F-BEC3-1CD6B3A662FB}.Debug|x64.Build.0 = Debug|x64
		{B8606076-45A3-4C1F-BEC3-1CD6B3A662FB}.Debug|x86.ActiveCfg = Debug|Win32
		{B8606076-45A3-4C1F-BEC3-1CD6B3A662FB}.Debug|x86.Build.0 = Debug|Win32
		{B8606076-45A3-4C1F-BEC3-1CD6B3A662FB}.Release|x64.ActiveCfg = Release|x64
		{B8606076-45A3-4C1F-BEC3-1CD6B3A662FB}.Release|x64.Build.0 = Release|x64
		{B8606076-45A3-4C1F-BEC3-1CD6B3A662FB}.Release|x86.ActiveCfg = Release|Win32
		{B8606076-45A3-4C1F-BEC3-1CD6B3A662FB}.Release|x86.Build.0 = Release|Win32
	EndGlobalSection
	GlobalSection(SolutionProperties) = preSolution
		HideSolutionNode = FALSE
	EndGlobalSection
	GlobalSection(ExtensibilityGlobals) = postSolution
		SolutionGuid = {958EB190-8732-4AA8-8227-B34697730B47}
	EndGlobalSection
EndGlobal
